
Microsoft Visual Studio Solution File, Format Version 12.00
Project("{FAE04EC0-301F-11D3-BF4B-00C04F79EFBC}") = "Exercicio01", "Exercicio01\Exercicio01.csproj", "{18C29DD0-0D8F-4509-8DBC-9EA08543A9B7}"
EndProject
Project("{FAE04EC0-301F-11D3-BF4B-00C04F79EFBC}") = "Exercicio02", "Exercicio02\Exercicio02.csproj", "{51C4E5BF-2E40-4E10-8BEB-FDBFD387AC3E}"
EndProject
Project("{FAE04EC0-301F-11D3-BF4B-00C04F79EFBC}") = "Exercicio04", "Exercicio04\Exercicio04.csproj", "{83C8075A-D81C-4217-8CF1-DCC4289176D7}"
EndProject
Project("{FAE04EC0-301F-11D3-BF4B-00C04F79EFBC}") = "Exercicio05", "Exercicio05\Exercicio05.csproj", "{935E7CEB-D6F8-49D0-AFF0-7F49CE05D3E6}"
EndProject
Project("{FAE04EC0-301F-11D3-BF4B-00C04F79EFBC}") = "Exercicio03", "Exercicio03\Exercicio03.csproj", "{3C4E0996-BC8E-4C30-A471-EECE1E048F62}"
EndProject
Project("{FAE04EC0-301F-11D3-BF4B-00C04F79EFBC}") = "Exercicio06", "Exercicio06\Exercicio06.csproj", "{0B3C43A7-824B-4601-9188-941E987550F6}"
EndProject
Project("{FAE04EC0-301F-11D3-BF4B-00C04F79EFBC}") = "Exercicio07", "Exercicio07\Exercicio07.csproj", "{9400C413-5D40-4E02-B412-A535C3DEE7C3}"
EndProject
Project("{FAE04EC0-301F-11D3-BF4B-00C04F79EFBC}") = "Exercicio08", "Exercicio08\Exercicio08.csproj", "{E9B8FBEC-A45C-49A2-A5AC-B4F7714F3AC4}"
EndProject
Project("{FAE04EC0-301F-11D3-BF4B-00C04F79EFBC}") = "Exercicio09", "Exercicio09\Exercicio09.csproj", "{B9F47392-D41E-49D9-9E82-3B63BBFC8772}"
EndProject
Project("{FAE04EC0-301F-11D3-BF4B-00C04F79EFBC}") = "Exercicio10", "Exercicio10\Exercicio10.csproj", "{A942F0E8-75DD-4FD9-A18D-4DB98AF90130}"
EndProject
Project("{FAE04EC0-301F-11D3-BF4B-00C04F79EFBC}") = "Exercicio11", "Exercicio11\Exercicio11.csproj", "{214F7647-C1BA-4985-9667-5DD985D64872}"
EndProject
Project("{FAE04EC0-301F-11D3-BF4B-00C04F79EFBC}") = "Exercicio12", "Exercicio12\Exercicio12.csproj", "{4D0F8C92-CE93-426C-8416-8DBFE233CBC0}"
EndProject
Global
	GlobalSection(SolutionConfigurationPlatforms) = preSolution
		Debug|Any CPU = Debug|Any CPU
		Release|Any CPU = Release|Any CPU
	EndGlobalSection
	GlobalSection(ProjectConfigurationPlatforms) = postSolution
		{18C29DD0-0D8F-4509-8DBC-9EA08543A9B7}.Debug|Any CPU.ActiveCfg = Debug|Any CPU
		{18C29DD0-0D8F-4509-8DBC-9EA08543A9B7}.Debug|Any CPU.Build.0 = Debug|Any CPU
		{18C29DD0-0D8F-4509-8DBC-9EA08543A9B7}.Release|Any CPU.ActiveCfg = Release|Any CPU
		{18C29DD0-0D8F-4509-8DBC-9EA08543A9B7}.Release|Any CPU.Build.0 = Release|Any CPU
		{51C4E5BF-2E40-4E10-8BEB-FDBFD387AC3E}.Debug|Any CPU.ActiveCfg = Debug|Any CPU
		{51C4E5BF-2E40-4E10-8BEB-FDBFD387AC3E}.Debug|Any CPU.Build.0 = Debug|Any CPU
		{51C4E5BF-2E40-4E10-8BEB-FDBFD387AC3E}.Release|Any CPU.ActiveCfg = Release|Any CPU
		{51C4E5BF-2E40-4E10-8BEB-FDBFD387AC3E}.Release|Any CPU.Build.0 = Release|Any CPU
		{83C8075A-D81C-4217-8CF1-DCC4289176D7}.Debug|Any CPU.ActiveCfg = Debug|Any CPU
		{83C8075A-D81C-4217-8CF1-DCC4289176D7}.Debug|Any CPU.Build.0 = Debug|Any CPU
		{83C8075A-D81C-4217-8CF1-DCC4289176D7}.Release|Any CPU.ActiveCfg = Release|Any CPU
		{83C8075A-D81C-4217-8CF1-DCC4289176D7}.Release|Any CPU.Build.0 = Release|Any CPU
		{935E7CEB-D6F8-49D0-AFF0-7F49CE05D3E6}.Debug|Any CPU.ActiveCfg = Debug|Any CPU
		{935E7CEB-D6F8-49D0-AFF0-7F49CE05D3E6}.Debug|Any CPU.Build.0 = Debug|Any CPU
		{935E7CEB-D6F8-49D0-AFF0-7F49CE05D3E6}.Release|Any CPU.ActiveCfg = Release|Any CPU
		{935E7CEB-D6F8-49D0-AFF0-7F49CE05D3E6}.Release|Any CPU.Build.0 = Release|Any CPU
		{3C4E0996-BC8E-4C30-A471-EECE1E048F62}.Debug|Any CPU.ActiveCfg = Debug|Any CPU
		{3C4E0996-BC8E-4C30-A471-EECE1E048F62}.Debug|Any CPU.Build.0 = Debug|Any CPU
		{3C4E0996-BC8E-4C30-A471-EECE1E048F62}.Release|Any CPU.ActiveCfg = Release|Any CPU
		{3C4E0996-BC8E-4C30-A471-EECE1E048F62}.Release|Any CPU.Build.0 = Release|Any CPU
		{0B3C43A7-824B-4601-9188-941E987550F6}.Debug|Any CPU.ActiveCfg = Debug|Any CPU
		{0B3C43A7-824B-4601-9188-941E987550F6}.Debug|Any CPU.Build.0 = Debug|Any CPU
		{0B3C43A7-824B-4601-9188-941E987550F6}.Release|Any CPU.ActiveCfg = Release|Any CPU
		{0B3C43A7-824B-4601-9188-941E987550F6}.Release|Any CPU.Build.0 = Release|Any CPU
		{9400C413-5D40-4E02-B412-A535C3DEE7C3}.Debug|Any CPU.ActiveCfg = Debug|Any CPU
		{9400C413-5D40-4E02-B412-A535C3DEE7C3}.Debug|Any CPU.Build.0 = Debug|Any CPU
		{9400C413-5D40-4E02-B412-A535C3DEE7C3}.Release|Any CPU.ActiveCfg = Release|Any CPU
		{9400C413-5D40-4E02-B412-A535C3DEE7C3}.Release|Any CPU.Build.0 = Release|Any CPU
		{E9B8FBEC-A45C-49A2-A5AC-B4F7714F3AC4}.Debug|Any CPU.ActiveCfg = Debug|Any CPU
		{E9B8FBEC-A45C-49A2-A5AC-B4F7714F3AC4}.Debug|Any CPU.Build.0 = Debug|Any CPU
		{E9B8FBEC-A45C-49A2-A5AC-B4F7714F3AC4}.Release|Any CPU.ActiveCfg = Release|Any CPU
		{E9B8FBEC-A45C-49A2-A5AC-B4F7714F3AC4}.Release|Any CPU.Build.0 = Release|Any CPU
		{B9F47392-D41E-49D9-9E82-3B63BBFC8772}.Debug|Any CPU.ActiveCfg = Debug|Any CPU
		{B9F47392-D41E-49D9-9E82-3B63BBFC8772}.Debug|Any CPU.Build.0 = Debug|Any CPU
		{B9F47392-D41E-49D9-9E82-3B63BBFC8772}.Release|Any CPU.ActiveCfg = Release|Any CPU
		{B9F47392-D41E-49D9-9E82-3B63BBFC8772}.Release|Any CPU.Build.0 = Release|Any CPU
		{A942F0E8-75DD-4FD9-A18D-4DB98AF90130}.Debug|Any CPU.ActiveCfg = Debug|Any CPU
		{A942F0E8-75DD-4FD9-A18D-4DB98AF90130}.Debug|Any CPU.Build.0 = Debug|Any CPU
		{A942F0E8-75DD-4FD9-A18D-4DB98AF90130}.Release|Any CPU.ActiveCfg = Release|Any CPU
		{A942F0E8-75DD-4FD9-A18D-4DB98AF90130}.Release|Any CPU.Build.0 = Release|Any CPU
		{214F7647-C1BA-4985-9667-5DD985D64872}.Debug|Any CPU.ActiveCfg = Debug|Any CPU
		{214F7647-C1BA-4985-9667-5DD985D64872}.Debug|Any CPU.Build.0 = Debug|Any CPU
		{214F7647-C1BA-4985-9667-5DD985D64872}.Release|Any CPU.ActiveCfg = Release|Any CPU
		{214F7647-C1BA-4985-9667-5DD985D64872}.Release|Any CPU.Build.0 = Release|Any CPU
		{4D0F8C92-CE93-426C-8416-8DBFE233CBC0}.Debug|Any CPU.ActiveCfg = Debug|Any CPU
		{4D0F8C92-CE93-426C-8416-8DBFE233CBC0}.Debug|Any CPU.Build.0 = Debug|Any CPU
		{4D0F8C92-CE93-426C-8416-8DBFE233CBC0}.Release|Any CPU.ActiveCfg = Release|Any CPU
		{4D0F8C92-CE93-426C-8416-8DBFE233CBC0}.Release|Any CPU.Build.0 = Release|Any CPU
	EndGlobalSection
EndGlobal
